
Microsoft Visual Studio Solution File, Format Version 12.00
# Visual Studio Version 17
VisualStudioVersion = 17.14.36518.9 d17.14
MinimumVisualStudioVersion = 10.0.40219.1
Project("{FAE04EC0-301F-11D3-BF4B-00C04F79EFBC}") = "TP_WEB_SERVICE", "TP_WEB_SERVICE.csproj", "{1365D12D-0483-4188-A750-E0AA46437CBC}"
EndProject
Global
	GlobalSection(SolutionConfigurationPlatforms) = preSolution
		Debug|Any CPU = Debug|Any CPU
		Release|Any CPU = Release|Any CPU
	EndGlobalSection
	GlobalSection(ProjectConfigurationPlatforms) = postSolution
		{1365D12D-0483-4188-A750-E0AA46437CBC}.Debug|Any CPU.ActiveCfg = Debug|Any CPU
		{1365D12D-0483-4188-A750-E0AA46437CBC}.Debug|Any CPU.Build.0 = Debug|Any CPU
		{1365D12D-0483-4188-A750-E0AA46437CBC}.Release|Any CPU.ActiveCfg = Release|Any CPU
		{1365D12D-0483-4188-A750-E0AA46437CBC}.Release|Any CPU.Build.0 = Release|Any CPU
	EndGlobalSection
	GlobalSection(SolutionProperties) = preSolution
		HideSolutionNode = FALSE
	EndGlobalSection
	GlobalSection(ExtensibilityGlobals) = postSolution
		SolutionGuid = {33E2DC58-F619-4E87-BA11-FF748A6D3F04}
	EndGlobalSection
EndGlobal
